
Microsoft Visual Studio Solution File, Format Version 12.00
Project("{FAE04EC0-301F-11D3-BF4B-00C04F79EFBC}") = "FindMyHobbyApi", "FindMyHobbyApi\FindMyHobbyApi.csproj", "{01CAE019-3C48-45FF-B91B-8677B41F8EEA}"
EndProject
Project("{FAE04EC0-301F-11D3-BF4B-00C04F79EFBC}") = "FindMyHobbyApi.AcceptanceTests", "FindMyHobbyApi.AcceptanceTests\FindMyHobbyApi.AcceptanceTests.csproj", "{32399184-C8B8-40CB-9AB6-211B4C0973FA}"
EndProject
Project("{FAE04EC0-301F-11D3-BF4B-00C04F79EFBC}") = "JiraTool", "JiraTool\JiraTool.csproj", "{D557B1AB-9B4C-4D59-8F57-3E7F0EAF7B54}"
EndProject
Global
	GlobalSection(SolutionConfigurationPlatforms) = preSolution
		Debug|Any CPU = Debug|Any CPU
		Release|Any CPU = Release|Any CPU
	EndGlobalSection
	GlobalSection(ProjectConfigurationPlatforms) = postSolution
		{01CAE019-3C48-45FF-B91B-8677B41F8EEA}.Debug|Any CPU.ActiveCfg = Debug|Any CPU
		{01CAE019-3C48-45FF-B91B-8677B41F8EEA}.Debug|Any CPU.Build.0 = Debug|Any CPU
		{01CAE019-3C48-45FF-B91B-8677B41F8EEA}.Release|Any CPU.ActiveCfg = Release|Any CPU
		{01CAE019-3C48-45FF-B91B-8677B41F8EEA}.Release|Any CPU.Build.0 = Release|Any CPU
		{32399184-C8B8-40CB-9AB6-211B4C0973FA}.Debug|Any CPU.ActiveCfg = Debug|Any CPU
		{32399184-C8B8-40CB-9AB6-211B4C0973FA}.Debug|Any CPU.Build.0 = Debug|Any CPU
		{32399184-C8B8-40CB-9AB6-211B4C0973FA}.Release|Any CPU.ActiveCfg = Release|Any CPU
		{32399184-C8B8-40CB-9AB6-211B4C0973FA}.Release|Any CPU.Build.0 = Release|Any CPU
		{D557B1AB-9B4C-4D59-8F57-3E7F0EAF7B54}.Debug|Any CPU.ActiveCfg = Debug|Any CPU
		{D557B1AB-9B4C-4D59-8F57-3E7F0EAF7B54}.Debug|Any CPU.Build.0 = Debug|Any CPU
		{D557B1AB-9B4C-4D59-8F57-3E7F0EAF7B54}.Release|Any CPU.ActiveCfg = Release|Any CPU
		{D557B1AB-9B4C-4D59-8F57-3E7F0EAF7B54}.Release|Any CPU.Build.0 = Release|Any CPU
	EndGlobalSection
EndGlobal
